
Microsoft Visual Studio Solution File, Format Version 12.00
# Visual Studio 15
VisualStudioVersion = 15.0.26228.4
MinimumVisualStudioVersion = 10.0.40219.1
Project("{FAE04EC0-301F-11D3-BF4B-00C04F79EFBC}") = "HelloFSharp.Android", "HelloFSharp\HelloFSharp.Android\HelloFSharp.Android.csproj", "{BA213CE4-CD23-4362-B150-1C2A765D4009}"
EndProject
Project("{FAE04EC0-301F-11D3-BF4B-00C04F79EFBC}") = "HelloFSharp", "HelloFSharp\HelloFSharp\HelloFSharp.csproj", "{62DA7EA0-0BB5-401D-914B-1FB43DD00EA4}"
EndProject
Project("{FAE04EC0-301F-11D3-BF4B-00C04F79EFBC}") = "HelloFSharp.UWP", "HelloFSharp\HelloFSharp.UWP\HelloFSharp.UWP.csproj", "{C4C52B8F-340F-4347-B3A8-BF72C5EDC017}"
EndProject
Project("{FAE04EC0-301F-11D3-BF4B-00C04F79EFBC}") = "HelloFSharp.iOS", "HelloFSharp\HelloFSharp.iOS\HelloFSharp.iOS.csproj", "{C5FD0374-BAFE-4E3B-B7C4-B436D1345CBA}"
EndProject
Global
	GlobalSection(SolutionConfigurationPlatforms) = preSolution
		Ad-Hoc|Any CPU = Ad-Hoc|Any CPU
		Ad-Hoc|ARM = Ad-Hoc|ARM
		Ad-Hoc|iPhone = Ad-Hoc|iPhone
		Ad-Hoc|iPhoneSimulator = Ad-Hoc|iPhoneSimulator
		Ad-Hoc|x64 = Ad-Hoc|x64
		Ad-Hoc|x86 = Ad-Hoc|x86
		AppStore|Any CPU = AppStore|Any CPU
		AppStore|ARM = AppStore|ARM
		AppStore|iPhone = AppStore|iPhone
		AppStore|iPhoneSimulator = AppStore|iPhoneSimulator
		AppStore|x64 = AppStore|x64
		AppStore|x86 = AppStore|x86
		Debug|Any CPU = Debug|Any CPU
		Debug|ARM = Debug|ARM
		Debug|iPhone = Debug|iPhone
		Debug|iPhoneSimulator = Debug|iPhoneSimulator
		Debug|x64 = Debug|x64
		Debug|x86 = Debug|x86
		Release|Any CPU = Release|Any CPU
		Release|ARM = Release|ARM
		Release|iPhone = Release|iPhone
		Release|iPhoneSimulator = Release|iPhoneSimulator
		Release|x64 = Release|x64
		Release|x86 = Release|x86
	EndGlobalSection
	GlobalSection(ProjectConfigurationPlatforms) = postSolution
		{BA213CE4-CD23-4362-B150-1C2A765D4009}.Ad-Hoc|Any CPU.ActiveCfg = Release|Any CPU
		{BA213CE4-CD23-4362-B150-1C2A765D4009}.Ad-Hoc|Any CPU.Build.0 = Release|Any CPU
		{BA213CE4-CD23-4362-B150-1C2A765D4009}.Ad-Hoc|Any CPU.Deploy.0 = Release|Any CPU
		{BA213CE4-CD23-4362-B150-1C2A765D4009}.Ad-Hoc|ARM.ActiveCfg = Release|Any CPU
		{BA213CE4-CD23-4362-B150-1C2A765D4009}.Ad-Hoc|ARM.Build.0 = Release|Any CPU
		{BA213CE4-CD23-4362-B150-1C2A765D4009}.Ad-Hoc|ARM.Deploy.0 = Release|Any CPU
		{BA213CE4-CD23-4362-B150-1C2A765D4009}.Ad-Hoc|iPhone.ActiveCfg = Release|Any CPU
		{BA213CE4-CD23-4362-B150-1C2A765D4009}.Ad-Hoc|iPhone.Build.0 = Release|Any CPU
		{BA213CE4-CD23-4362-B150-1C2A765D4009}.Ad-Hoc|iPhone.Deploy.0 = Release|Any CPU
		{BA213CE4-CD23-4362-B150-1C2A765D4009}.Ad-Hoc|iPhoneSimulator.ActiveCfg = Release|Any CPU
		{BA213CE4-CD23-4362-B150-1C2A765D4009}.Ad-Hoc|iPhoneSimulator.Build.0 = Release|Any CPU
		{BA213CE4-CD23-4362-B150-1C2A765D4009}.Ad-Hoc|iPhoneSimulator.Deploy.0 = Release|Any CPU
		{BA213CE4-CD23-4362-B150-1C2A765D4009}.Ad-Hoc|x64.ActiveCfg = Release|Any CPU
		{BA213CE4-CD23-4362-B150-1C2A765D4009}.Ad-Hoc|x64.Build.0 = Release|Any CPU
		{BA213CE4-CD23-4362-B150-1C2A765D4009}.Ad-Hoc|x64.Deploy.0 = Release|Any CPU
		{BA213CE4-CD23-4362-B150-1C2A765D4009}.Ad-Hoc|x86.ActiveCfg = Release|Any CPU
		{BA213CE4-CD23-4362-B150-1C2A765D4009}.Ad-Hoc|x86.Build.0 = Release|Any CPU
		{BA213CE4-CD23-4362-B150-1C2A765D4009}.Ad-Hoc|x86.Deploy.0 = Release|Any CPU
		{BA213CE4-CD23-4362-B150-1C2A765D4009}.AppStore|Any CPU.ActiveCfg = Release|Any CPU
		{BA213CE4-CD23-4362-B150-1C2A765D4009}.AppStore|Any CPU.Build.0 = Release|Any CPU
		{BA213CE4-CD23-4362-B150-1C2A765D4009}.AppStore|Any CPU.Deploy.0 = Release|Any CPU
		{BA213CE4-CD23-4362-B150-1C2A765D4009}.AppStore|ARM.ActiveCfg = Release|Any CPU
		{BA213CE4-CD23-4362-B150-1C2A765D4009}.AppStore|ARM.Build.0 = Release|Any CPU
		{BA213CE4-CD23-4362-B150-1C2A765D4009}.AppStore|ARM.Deploy.0 = Release|Any CPU
		{BA213CE4-CD23-4362-B150-1C2A765D4009}.AppStore|iPhone.ActiveCfg = Release|Any CPU
		{BA213CE4-CD23-4362-B150-1C2A765D4009}.AppStore|iPhone.Build.0 = Release|Any CPU
		{BA213CE4-CD23-4362-B150-1C2A765D4009}.AppStore|iPhone.Deploy.0 = Release|Any CPU
		{BA213CE4-CD23-4362-B150-1C2A765D4009}.AppStore|iPhoneSimulator.ActiveCfg = Release|Any CPU
		{BA213CE4-CD23-4362-B150-1C2A765D4009}.AppStore|iPhoneSimulator.Build.0 = Release|Any CPU
		{BA213CE4-CD23-4362-B150-1C2A765D4009}.AppStore|iPhoneSimulator.Deploy.0 = Release|Any CPU
		{BA213CE4-CD23-4362-B150-1C2A765D4009}.AppStore|x64.ActiveCfg = Release|Any CPU
		{BA213CE4-CD23-4362-B150-1C2A765D4009}.AppStore|x64.Build.0 = Release|Any CPU
		{BA213CE4-CD23-4362-B150-1C2A765D4009}.AppStore|x64.Deploy.0 = Release|Any CPU
		{BA213CE4-CD23-4362-B150-1C2A765D4009}.AppStore|x86.ActiveCfg = Release|Any CPU
		{BA213CE4-CD23-4362-B150-1C2A765D4009}.AppStore|x86.Build.0 = Release|Any CPU
		{BA213CE4-CD23-4362-B150-1C2A765D4009}.AppStore|x86.Deploy.0 = Release|Any CPU
		{BA213CE4-CD23-4362-B150-1C2A765D4009}.Debug|Any CPU.ActiveCfg = Debug|Any CPU
		{BA213CE4-CD23-4362-B150-1C2A765D4009}.Debug|Any CPU.Build.0 = Debug|Any CPU
		{BA213CE4-CD23-4362-B150-1C2A765D4009}.Debug|Any CPU.Deploy.0 = Debug|Any CPU
		{BA213CE4-CD23-4362-B150-1C2A765D4009}.Debug|ARM.ActiveCfg = Debug|Any CPU
		{BA213CE4-CD23-4362-B150-1C2A765D4009}.Debug|ARM.Build.0 = Debug|Any CPU
		{BA213CE4-CD23-4362-B150-1C2A765D4009}.Debug|ARM.Deploy.0 = Debug|Any CPU
		{BA213CE4-CD23-4362-B150-1C2A765D4009}.Debug|iPhone.ActiveCfg = Debug|Any CPU
		{BA213CE4-CD23-4362-B150-1C2A765D4009}.Debug|iPhone.Build.0 = Debug|Any CPU
		{BA213CE4-CD23-4362-B150-1C2A765D4009}.Debug|iPhone.Deploy.0 = Debug|Any CPU
		{BA213CE4-CD23-4362-B150-1C2A765D4009}.Debug|iPhoneSimulator.ActiveCfg = Debug|Any CPU
		{BA213CE4-CD23-4362-B150-1C2A765D4009}.Debug|iPhoneSimulator.Build.0 = Debug|Any CPU
		{BA213CE4-CD23-4362-B150-1C2A765D4009}.Debug|iPhoneSimulator.Deploy.0 = Debug|Any CPU
		{BA213CE4-CD23-4362-B150-1C2A765D4009}.Debug|x64.ActiveCfg = Debug|Any CPU
		{BA213CE4-CD23-4362-B150-1C2A765D4009}.Debug|x64.Build.0 = Debug|Any CPU
		{BA213CE4-CD23-4362-B150-1C2A765D4009}.Debug|x64.Deploy.0 = Debug|Any CPU
		{BA213CE4-CD23-4362-B150-1C2A765D4009}.Debug|x86.ActiveCfg = Debug|Any CPU
		{BA213CE4-CD23-4362-B150-1C2A765D4009}.Debug|x86.Build.0 = Debug|Any CPU
		{BA213CE4-CD23-4362-B150-1C2A765D4009}.Debug|x86.Deploy.0 = Debug|Any CPU
		{BA213CE4-CD23-4362-B150-1C2A765D4009}.Release|Any CPU.ActiveCfg = Release|Any CPU
		{BA213CE4-CD23-4362-B150-1C2A765D4009}.Release|Any CPU.Build.0 = Release|Any CPU
		{BA213CE4-CD23-4362-B150-1C2A765D4009}.Release|Any CPU.Deploy.0 = Release|Any CPU
		{BA213CE4-CD23-4362-B150-1C2A765D4009}.Release|ARM.ActiveCfg = Release|Any CPU
		{BA213CE4-CD23-4362-B150-1C2A765D4009}.Release|ARM.Build.0 = Release|Any CPU
		{BA213CE4-CD23-4362-B150-1C2A765D4009}.Release|ARM.Deploy.0 = Release|Any CPU
		{BA213CE4-CD23-4362-B150-1C2A765D4009}.Release|iPhone.ActiveCfg = Release|Any CPU
		{BA213CE4-CD23-4362-B150-1C2A765D4009}.Release|iPhone.Build.0 = Release|Any CPU
		{BA213CE4-CD23-4362-B150-1C2A765D4009}.Release|iPhone.Deploy.0 = Release|Any CPU
		{BA213CE4-CD23-4362-B150-1C2A765D4009}.Release|iPhoneSimulator.ActiveCfg = Release|Any CPU
		{BA213CE4-CD23-4362-B150-1C2A765D4009}.Release|iPhoneSimulator.Build.0 = Release|Any CPU
		{BA213CE4-CD23-4362-B150-1C2A765D4009}.Release|iPhoneSimulator.Deploy.0 = Release|Any CPU
		{BA213CE4-CD23-4362-B150-1C2A765D4009}.Release|x64.ActiveCfg = Release|Any CPU
		{BA213CE4-CD23-4362-B150-1C2A765D4009}.Release|x64.Build.0 = Release|Any CPU
		{BA213CE4-CD23-4362-B150-1C2A765D4009}.Release|x64.Deploy.0 = Release|Any CPU
		{BA213CE4-CD23-4362-B150-1C2A765D4009}.Release|x86.ActiveCfg = Release|Any CPU
		{BA213CE4-CD23-4362-B150-1C2A765D4009}.Release|x86.Build.0 = Release|Any CPU
		{BA213CE4-CD23-4362-B150-1C2A765D4009}.Release|x86.Deploy.0 = Release|Any CPU
		{62DA7EA0-0BB5-401D-914B-1FB43DD00EA4}.Ad-Hoc|Any CPU.ActiveCfg = Release|Any CPU
		{62DA7EA0-0BB5-401D-914B-1FB43DD00EA4}.Ad-Hoc|Any CPU.Build.0 = Release|Any CPU
		{62DA7EA0-0BB5-401D-914B-1FB43DD00EA4}.Ad-Hoc|ARM.ActiveCfg = Release|Any CPU
		{62DA7EA0-0BB5-401D-914B-1FB43DD00EA4}.Ad-Hoc|ARM.Build.0 = Release|Any CPU
		{62DA7EA0-0BB5-401D-914B-1FB43DD00EA4}.Ad-Hoc|iPhone.ActiveCfg = Release|Any CPU
		{62DA7EA0-0BB5-401D-914B-1FB43DD00EA4}.Ad-Hoc|iPhone.Build.0 = Release|Any CPU
		{62DA7EA0-0BB5-401D-914B-1FB43DD00EA4}.Ad-Hoc|iPhoneSimulator.ActiveCfg = Release|Any CPU
		{62DA7EA0-0BB5-401D-914B-1FB43DD00EA4}.Ad-Hoc|iPhoneSimulator.Build.0 = Release|Any CPU
		{62DA7EA0-0BB5-401D-914B-1FB43DD00EA4}.Ad-Hoc|x64.ActiveCfg = Release|Any CPU
		{62DA7EA0-0BB5-401D-914B-1FB43DD00EA4}.Ad-Hoc|x64.Build.0 = Release|Any CPU
		{62DA7EA0-0BB5-401D-914B-1FB43DD00EA4}.Ad-Hoc|x86.ActiveCfg = Release|Any CPU
		{62DA7EA0-0BB5-401D-914B-1FB43DD00EA4}.Ad-Hoc|x86.Build.0 = Release|Any CPU
		{62DA7EA0-0BB5-401D-914B-1FB43DD00EA4}.AppStore|Any CPU.ActiveCfg = Release|Any CPU
		{62DA7EA0-0BB5-401D-914B-1FB43DD00EA4}.AppStore|Any CPU.Build.0 = Release|Any CPU
		{62DA7EA0-0BB5-401D-914B-1FB43DD00EA4}.AppStore|ARM.ActiveCfg = Release|Any CPU
		{62DA7EA0-0BB5-401D-914B-1FB43DD00EA4}.AppStore|ARM.Build.0 = Release|Any CPU
		{62DA7EA0-0BB5-401D-914B-1FB43DD00EA4}.AppStore|iPhone.ActiveCfg = Release|Any CPU
		{62DA7EA0-0BB5-401D-914B-1FB43DD00EA4}.AppStore|iPhone.Build.0 = Release|Any CPU
		{62DA7EA0-0BB5-401D-914B-1FB43DD00EA4}.AppStore|iPhoneSimulator.ActiveCfg = Release|Any CPU
		{62DA7EA0-0BB5-401D-914B-1FB43DD00EA4}.AppStore|iPhoneSimulator.Build.0 = Release|Any CPU
		{62DA7EA0-0BB5-401D-914B-1FB43DD00EA4}.AppStore|x64.ActiveCfg = Release|Any CPU
		{62DA7EA0-0BB5-401D-914B-1FB43DD00EA4}.AppStore|x64.Build.0 = Release|Any CPU
		{62DA7EA0-0BB5-401D-914B-1FB43DD00EA4}.AppStore|x86.ActiveCfg = Release|Any CPU
		{62DA7EA0-0BB5-401D-914B-1FB43DD00EA4}.AppStore|x86.Build.0 = Release|Any CPU
		{62DA7EA0-0BB5-401D-914B-1FB43DD00EA4}.Debug|Any CPU.ActiveCfg = Debug|Any CPU
		{62DA7EA0-0BB5-401D-914B-1FB43DD00EA4}.Debug|Any CPU.Build.0 = Debug|Any CPU
		{62DA7EA0-0BB5-401D-914B-1FB43DD00EA4}.Debug|ARM.ActiveCfg = Debug|Any CPU
		{62DA7EA0-0BB5-401D-914B-1FB43DD00EA4}.Debug|ARM.Build.0 = Debug|Any CPU
		{62DA7EA0-0BB5-401D-914B-1FB43DD00EA4}.Debug|iPhone.ActiveCfg = Debug|Any CPU
		{62DA7EA0-0BB5-401D-914B-1FB43DD00EA4}.Debug|iPhone.Build.0 = Debug|Any CPU
		{62DA7EA0-0BB5-401D-914B-1FB43DD00EA4}.Debug|iPhoneSimulator.ActiveCfg = Debug|Any CPU
		{62DA7EA0-0BB5-401D-914B-1FB43DD00EA4}.Debug|iPhoneSimulator.Build.0 = Debug|Any CPU
		{62DA7EA0-0BB5-401D-914B-1FB43DD00EA4}.Debug|x64.ActiveCfg = Debug|Any CPU
		{62DA7EA0-0BB5-401D-914B-1FB43DD00EA4}.Debug|x64.Build.0 = Debug|Any CPU
		{62DA7EA0-0BB5-401D-914B-1FB43DD00EA4}.Debug|x86.ActiveCfg = Debug|Any CPU
		{62DA7EA0-0BB5-401D-914B-1FB43DD00EA4}.Debug|x86.Build.0 = Debug|Any CPU
		{62DA7EA0-0BB5-401D-914B-1FB43DD00EA4}.Release|Any CPU.ActiveCfg = Release|Any CPU
		{62DA7EA0-0BB5-401D-914B-1FB43DD00EA4}.Release|Any CPU.Build.0 = Release|Any CPU
		{62DA7EA0-0BB5-401D-914B-1FB43DD00EA4}.Release|ARM.ActiveCfg = Release|Any CPU
		{62DA7EA0-0BB5-401D-914B-1FB43DD00EA4}.Release|ARM.Build.0 = Release|Any CPU
		{62DA7EA0-0BB5-401D-914B-1FB43DD00EA4}.Release|iPhone.ActiveCfg = Release|Any CPU
		{62DA7EA0-0BB5-401D-914B-1FB43DD00EA4}.Release|iPhone.Build.0 = Release|Any CPU
		{62DA7EA0-0BB5-401D-914B-1FB43DD00EA4}.Release|iPhoneSimulator.ActiveCfg = Release|Any CPU
		{62DA7EA0-0BB5-401D-914B-1FB43DD00EA4}.Release|iPhoneSimulator.Build.0 = Release|Any CPU
		{62DA7EA0-0BB5-401D-914B-1FB43DD00EA4}.Release|x64.ActiveCfg = Release|Any CPU
		{62DA7EA0-0BB5-401D-914B-1FB43DD00EA4}.Release|x64.Build.0 = Release|Any CPU
		{62DA7EA0-0BB5-401D-914B-1FB43DD00EA4}.Release|x86.ActiveCfg = Release|Any CPU
		{62DA7EA0-0BB5-401D-914B-1FB43DD00EA4}.Release|x86.Build.0 = Release|Any CPU
		{C4C52B8F-340F-4347-B3A8-BF72C5EDC017}.Ad-Hoc|Any CPU.ActiveCfg = Release|x86
		{C4C52B8F-340F-4347-B3A8-BF72C5EDC017}.Ad-Hoc|Any CPU.Build.0 = Release|x86
		{C4C52B8F-340F-4347-B3A8-BF72C5EDC017}.Ad-Hoc|Any CPU.Deploy.0 = Release|x86
		{C4C52B8F-340F-4347-B3A8-BF72C5EDC017}.Ad-Hoc|ARM.ActiveCfg = Release|ARM
		{C4C52B8F-340F-4347-B3A8-BF72C5EDC017}.Ad-Hoc|ARM.Build.0 = Release|ARM
		{C4C52B8F-340F-4347-B3A8-BF72C5EDC017}.Ad-Hoc|ARM.Deploy.0 = Release|ARM
		{C4C52B8F-340F-4347-B3A8-BF72C5EDC017}.Ad-Hoc|iPhone.ActiveCfg = Release|x86
		{C4C52B8F-340F-4347-B3A8-BF72C5EDC017}.Ad-Hoc|iPhone.Build.0 = Release|x86
		{C4C52B8F-340F-4347-B3A8-BF72C5EDC017}.Ad-Hoc|iPhone.Deploy.0 = Release|x86
		{C4C52B8F-340F-4347-B3A8-BF72C5EDC017}.Ad-Hoc|iPhoneSimulator.ActiveCfg = Release|x86
		{C4C52B8F-340F-4347-B3A8-BF72C5EDC017}.Ad-Hoc|iPhoneSimulator.Build.0 = Release|x86
		{C4C52B8F-340F-4347-B3A8-BF72C5EDC017}.Ad-Hoc|iPhoneSimulator.Deploy.0 = Release|x86
		{C4C52B8F-340F-4347-B3A8-BF72C5EDC017}.Ad-Hoc|x64.ActiveCfg = Release|x64
		{C4C52B8F-340F-4347-B3A8-BF72C5EDC017}.Ad-Hoc|x64.Build.0 = Release|x64
		{C4C52B8F-340F-4347-B3A8-BF72C5EDC017}.Ad-Hoc|x64.Deploy.0 = Release|x64
		{C4C52B8F-340F-4347-B3A8-BF72C5EDC017}.Ad-Hoc|x86.ActiveCfg = Release|x86
		{C4C52B8F-340F-4347-B3A8-BF72C5EDC017}.Ad-Hoc|x86.Build.0 = Release|x86
		{C4C52B8F-340F-4347-B3A8-BF72C5EDC017}.Ad-Hoc|x86.Deploy.0 = Release|x86
		{C4C52B8F-340F-4347-B3A8-BF72C5EDC017}.AppStore|Any CPU.ActiveCfg = Release|x86
		{C4C52B8F-340F-4347-B3A8-BF72C5EDC017}.AppStore|Any CPU.Build.0 = Release|x86
		{C4C52B8F-340F-4347-B3A8-BF72C5EDC017}.AppStore|Any CPU.Deploy.0 = Release|x86
		{C4C52B8F-340F-4347-B3A8-BF72C5EDC017}.AppStore|ARM.ActiveCfg = Release|ARM
		{C4C52B8F-340F-4347-B3A8-BF72C5EDC017}.AppStore|ARM.Build.0 = Release|ARM
		{C4C52B8F-340F-4347-B3A8-BF72C5EDC017}.AppStore|ARM.Deploy.0 = Release|ARM
		{C4C52B8F-340F-4347-B3A8-BF72C5EDC017}.AppStore|iPhone.ActiveCfg = Release|x86
		{C4C52B8F-340F-4347-B3A8-BF72C5EDC017}.AppStore|iPhone.Build.0 = Release|x86
		{C4C52B8F-340F-4347-B3A8-BF72C5EDC017}.AppStore|iPhone.Deploy.0 = Release|x86
		{C4C52B8F-340F-4347-B3A8-BF72C5EDC017}.AppStore|iPhoneSimulator.ActiveCfg = Release|x86
		{C4C52B8F-340F-4347-B3A8-BF72C5EDC017}.AppStore|iPhoneSimulator.Build.0 = Release|x86
		{C4C52B8F-340F-4347-B3A8-BF72C5EDC017}.AppStore|iPhoneSimulator.Deploy.0 = Release|x86
		{C4C52B8F-340F-4347-B3A8-BF72C5EDC017}.AppStore|x64.ActiveCfg = Release|x64
		{C4C52B8F-340F-4347-B3A8-BF72C5EDC017}.AppStore|x64.Build.0 = Release|x64
		{C4C52B8F-340F-4347-B3A8-BF72C5EDC017}.AppStore|x64.Deploy.0 = Release|x64
		{C4C52B8F-340F-4347-B3A8-BF72C5EDC017}.AppStore|x86.ActiveCfg = Release|x86
		{C4C52B8F-340F-4347-B3A8-BF72C5EDC017}.AppStore|x86.Build.0 = Release|x86
		{C4C52B8F-340F-4347-B3A8-BF72C5EDC017}.AppStore|x86.Deploy.0 = Release|x86
		{C4C52B8F-340F-4347-B3A8-BF72C5EDC017}.Debug|Any CPU.ActiveCfg = Debug|x86
		{C4C52B8F-340F-4347-B3A8-BF72C5EDC017}.Debug|ARM.ActiveCfg = Debug|ARM
		{C4C52B8F-340F-4347-B3A8-BF72C5EDC017}.Debug|ARM.Build.0 = Debug|ARM
		{C4C52B8F-340F-4347-B3A8-BF72C5EDC017}.Debug|ARM.Deploy.0 = Debug|ARM
		{C4C52B8F-340F-4347-B3A8-BF72C5EDC017}.Debug|iPhone.ActiveCfg = Debug|x86
		{C4C52B8F-340F-4347-B3A8-BF72C5EDC017}.Debug|iPhoneSimulator.ActiveCfg = Debug|x86
		{C4C52B8F-340F-4347-B3A8-BF72C5EDC017}.Debug|x64.ActiveCfg = Debug|x64
		{C4C52B8F-340F-4347-B3A8-BF72C5EDC017}.Debug|x64.Build.0 = Debug|x64
		{C4C52B8F-340F-4347-B3A8-BF72C5EDC017}.Debug|x64.Deploy.0 = Debug|x64
		{C4C52B8F-340F-4347-B3A8-BF72C5EDC017}.Debug|x86.ActiveCfg = Debug|x86
		{C4C52B8F-340F-4347-B3A8-BF72C5EDC017}.Debug|x86.Build.0 = Debug|x86
		{C4C52B8F-340F-4347-B3A8-BF72C5EDC017}.Debug|x86.Deploy.0 = Debug|x86
		{C4C52B8F-340F-4347-B3A8-BF72C5EDC017}.Release|Any CPU.ActiveCfg = Release|x86
		{C4C52B8F-340F-4347-B3A8-BF72C5EDC017}.Release|ARM.ActiveCfg = Release|ARM
		{C4C52B8F-340F-4347-B3A8-BF72C5EDC017}.Release|ARM.Build.0 = Release|ARM
		{C4C52B8F-340F-4347-B3A8-BF72C5EDC017}.Release|ARM.Deploy.0 = Release|ARM
		{C4C52B8F-340F-4347-B3A8-BF72C5EDC017}.Release|iPhone.ActiveCfg = Release|x86
		{C4C52B8F-340F-4347-B3A8-BF72C5EDC017}.Release|iPhoneSimulator.ActiveCfg = Release|x86
		{C4C52B8F-340F-4347-B3A8-BF72C5EDC017}.Release|x64.ActiveCfg = Release|x64
		{C4C52B8F-340F-4347-B3A8-BF72C5EDC017}.Release|x64.Build.0 = Release|x64
		{C4C52B8F-340F-4347-B3A8-BF72C5EDC017}.Release|x64.Deploy.0 = Release|x64
		{C4C52B8F-340F-4347-B3A8-BF72C5EDC017}.Release|x86.ActiveCfg = Release|x86
		{C4C52B8F-340F-4347-B3A8-BF72C5EDC017}.Release|x86.Build.0 = Release|x86
		{C4C52B8F-340F-4347-B3A8-BF72C5EDC017}.Release|x86.Deploy.0 = Release|x86
		{C5FD0374-BAFE-4E3B-B7C4-B436D1345CBA}.Ad-Hoc|Any CPU.ActiveCfg = Ad-Hoc|iPhone
		{C5FD0374-BAFE-4E3B-B7C4-B436D1345CBA}.Ad-Hoc|ARM.ActiveCfg = Ad-Hoc|iPhone
		{C5FD0374-BAFE-4E3B-B7C4-B436D1345CBA}.Ad-Hoc|iPhone.ActiveCfg = Ad-Hoc|iPhone
		{C5FD0374-BAFE-4E3B-B7C4-B436D1345CBA}.Ad-Hoc|iPhone.Build.0 = Ad-Hoc|iPhone
		{C5FD0374-BAFE-4E3B-B7C4-B436D1345CBA}.Ad-Hoc|iPhoneSimulator.ActiveCfg = Ad-Hoc|iPhoneSimulator
		{C5FD0374-BAFE-4E3B-B7C4-B436D1345CBA}.Ad-Hoc|iPhoneSimulator.Build.0 = Ad-Hoc|iPhoneSimulator
		{C5FD0374-BAFE-4E3B-B7C4-B436D1345CBA}.Ad-Hoc|x64.ActiveCfg = Ad-Hoc|iPhone
		{C5FD0374-BAFE-4E3B-B7C4-B436D1345CBA}.Ad-Hoc|x86.ActiveCfg = Ad-Hoc|iPhone
		{C5FD0374-BAFE-4E3B-B7C4-B436D1345CBA}.AppStore|Any CPU.ActiveCfg = AppStore|iPhone
		{C5FD0374-BAFE-4E3B-B7C4-B436D1345CBA}.AppStore|ARM.ActiveCfg = AppStore|iPhone
		{C5FD0374-BAFE-4E3B-B7C4-B436D1345CBA}.AppStore|iPhone.ActiveCfg = AppStore|iPhone
		{C5FD0374-BAFE-4E3B-B7C4-B436D1345CBA}.AppStore|iPhone.Build.0 = AppStore|iPhone
		{C5FD0374-BAFE-4E3B-B7C4-B436D1345CBA}.AppStore|iPhoneSimulator.ActiveCfg = AppStore|iPhoneSimulator
		{C5FD0374-BAFE-4E3B-B7C4-B436D1345CBA}.AppStore|iPhoneSimulator.Build.0 = AppStore|iPhoneSimulator
		{C5FD0374-BAFE-4E3B-B7C4-B436D1345CBA}.AppStore|x64.ActiveCfg = AppStore|iPhone
		{C5FD0374-BAFE-4E3B-B7C4-B436D1345CBA}.AppStore|x86.ActiveCfg = AppStore|iPhone
		{C5FD0374-BAFE-4E3B-B7C4-B436D1345CBA}.Debug|Any CPU.ActiveCfg = Debug|iPhone
		{C5FD0374-BAFE-4E3B-B7C4-B436D1345CBA}.Debug|ARM.ActiveCfg = Debug|iPhone
		{C5FD0374-BAFE-4E3B-B7C4-B436D1345CBA}.Debug|iPhone.ActiveCfg = Debug|iPhone
		{C5FD0374-BAFE-4E3B-B7C4-B436D1345CBA}.Debug|iPhone.Build.0 = Debug|iPhone
		{C5FD0374-BAFE-4E3B-B7C4-B436D1345CBA}.Debug|iPhoneSimulator.ActiveCfg = Debug|iPhoneSimulator
		{C5FD0374-BAFE-4E3B-B7C4-B436D1345CBA}.Debug|iPhoneSimulator.Build.0 = Debug|iPhoneSimulator
		{C5FD0374-BAFE-4E3B-B7C4-B436D1345CBA}.Debug|x64.ActiveCfg = Debug|iPhone
		{C5FD0374-BAFE-4E3B-B7C4-B436D1345CBA}.Debug|x86.ActiveCfg = Debug|iPhone
		{C5FD0374-BAFE-4E3B-B7C4-B436D1345CBA}.Release|Any CPU.ActiveCfg = Release|iPhone
		{C5FD0374-BAFE-4E3B-B7C4-B436D1345CBA}.Release|ARM.ActiveCfg = Release|iPhone
		{C5FD0374-BAFE-4E3B-B7C4-B436D1345CBA}.Release|iPhone.ActiveCfg = Release|iPhone
		{C5FD0374-BAFE-4E3B-B7C4-B436D1345CBA}.Release|iPhone.Build.0 = Release|iPhone
		{C5FD0374-BAFE-4E3B-B7C4-B436D1345CBA}.Release|iPhoneSimulator.ActiveCfg = Release|iPhoneSimulator
		{C5FD0374-BAFE-4E3B-B7C4-B436D1345CBA}.Release|iPhoneSimulator.Build.0 = Release|iPhoneSimulator
		{C5FD0374-BAFE-4E3B-B7C4-B436D1345CBA}.Release|x64.ActiveCfg = Release|iPhone
		{C5FD0374-BAFE-4E3B-B7C4-B436D1345CBA}.Release|x86.ActiveCfg = Release|iPhone
	EndGlobalSection
	GlobalSection(SolutionProperties) = preSolution
		HideSolutionNode = FALSE
	EndGlobalSection
EndGlobal
